// !$*UTF8*$!
{
	archiveVersion = 1;
	classes = {
	};
	objectVersion = 50;
	objects = {

/* Begin PBXBuildFile section */
		2F73E5A323836ACA00D7F056 /* AppDelegate.swift in Sources */ = {isa = PBXBuildFile; fileRef = 2F73E5A223836ACA00D7F056 /* AppDelegate.swift */; };
		2F73E5A523836ACA00D7F056 /* SceneDelegate.swift in Sources */ = {isa = PBXBuildFile; fileRef = 2F73E5A423836ACA00D7F056 /* SceneDelegate.swift */; };
		2F73E5A723836ACA00D7F056 /* HomeViewController.swift in Sources */ = {isa = PBXBuildFile; fileRef = 2F73E5A623836ACA00D7F056 /* HomeViewController.swift */; };
		2F73E5AA23836ACA00D7F056 /* Main.storyboard in Resources */ = {isa = PBXBuildFile; fileRef = 2F73E5A823836ACA00D7F056 /* Main.storyboard */; };
		2F73E5AC23836ACE00D7F056 /* Assets.xcassets in Resources */ = {isa = PBXBuildFile; fileRef = 2F73E5AB23836ACE00D7F056 /* Assets.xcassets */; };
		2F73E5AF23836ACE00D7F056 /* LaunchScreen.storyboard in Resources */ = {isa = PBXBuildFile; fileRef = 2F73E5AD23836ACE00D7F056 /* LaunchScreen.storyboard */; };
		2F73E5B823836B1000D7F056 /* Currency.swift in Sources */ = {isa = PBXBuildFile; fileRef = 2F73E5B723836B1000D7F056 /* Currency.swift */; };
		2F73E5BE238373A400D7F056 /* ExchangeRateCollectionViewCell.swift in Sources */ = {isa = PBXBuildFile; fileRef = 2F73E5BD238373A400D7F056 /* ExchangeRateCollectionViewCell.swift */; };
/* End PBXBuildFile section */

/* Begin PBXFileReference section */
		2F73E59F23836ACA00D7F056 /* CurrencyConverter.app */ = {isa = PBXFileReference; explicitFileType = wrapper.application; includeInIndex = 0; path = CurrencyConverter.app; sourceTree = BUILT_PRODUCTS_DIR; };
		2F73E5A223836ACA00D7F056 /* AppDelegate.swift */ = {isa = PBXFileReference; lastKnownFileType = sourcecode.swift; path = AppDelegate.swift; sourceTree = "<group>"; };
		2F73E5A423836ACA00D7F056 /* SceneDelegate.swift */ = {isa = PBXFileReference; lastKnownFileType = sourcecode.swift; path = SceneDelegate.swift; sourceTree = "<group>"; };
		2F73E5A623836ACA00D7F056 /* HomeViewController.swift */ = {isa = PBXFileReference; lastKnownFileType = sourcecode.swift; path = HomeViewController.swift; sourceTree = "<group>"; };
		2F73E5A923836ACA00D7F056 /* Base */ = {isa = PBXFileReference; lastKnownFileType = file.storyboard; name = Base; path = Base.lproj/Main.storyboard; sourceTree = "<group>"; };
		2F73E5AB23836ACE00D7F056 /* Assets.xcassets */ = {isa = PBXFileReference; lastKnownFileType = folder.assetcatalog; path = Assets.xcassets; sourceTree = "<group>"; };
		2F73E5AE23836ACE00D7F056 /* Base */ = {isa = PBXFileReference; lastKnownFileType = file.storyboard; name = Base; path = Base.lproj/LaunchScreen.storyboard; sourceTree = "<group>"; };
		2F73E5B023836ACE00D7F056 /* Info.plist */ = {isa = PBXFileReference; lastKnownFileType = text.plist.xml; path = Info.plist; sourceTree = "<group>"; };
		2F73E5B723836B1000D7F056 /* Currency.swift */ = {isa = PBXFileReference; lastKnownFileType = sourcecode.swift; path = Currency.swift; sourceTree = "<group>"; };
		2F73E5BD238373A400D7F056 /* ExchangeRateCollectionViewCell.swift */ = {isa = PBXFileReference; lastKnownFileType = sourcecode.swift; path = ExchangeRateCollectionViewCell.swift; sourceTree = "<group>"; };
/* End PBXFileReference section */

/* Begin PBXFrameworksBuildPhase section */
		2F73E59C23836ACA00D7F056 /* Frameworks */ = {
			isa = PBXFrameworksBuildPhase;
			buildActionMask = 2147483647;
			files = (
			);
			runOnlyForDeploymentPostprocessing = 0;
		};
/* End PBXFrameworksBuildPhase section */

/* Begin PBXGroup section */
		2F73E59623836ACA00D7F056 = {
			isa = PBXGroup;
			children = (
				2F73E5A123836ACA00D7F056 /* CurrencyConverter */,
				2F73E5A023836ACA00D7F056 /* Products */,
			);
			sourceTree = "<group>";
		};
		2F73E5A023836ACA00D7F056 /* Products */ = {
			isa = PBXGroup;
			children = (
				2F73E59F23836ACA00D7F056 /* CurrencyConverter.app */,
			);
			name = Products;
			sourceTree = "<group>";
		};
		2F73E5A123836ACA00D7F056 /* CurrencyConverter */ = {
			isa = PBXGroup;
			children = (
				2F73E5B623836AF900D7F056 /* Models */,
				2F73E5B923836B3400D7F056 /* Resourcers */,
				2F73E5BA23836B9500D7F056 /* View Controllers */,
				2F73E5A223836ACA00D7F056 /* AppDelegate.swift */,
				2F73E5A423836ACA00D7F056 /* SceneDelegate.swift */,
				2F73E5B023836ACE00D7F056 /* Info.plist */,
			);
			path = CurrencyConverter;
			sourceTree = "<group>";
		};
		2F73E5B623836AF900D7F056 /* Models */ = {
			isa = PBXGroup;
			children = (
				2F73E5B723836B1000D7F056 /* Currency.swift */,
			);
			path = Models;
			sourceTree = "<group>";
		};
		2F73E5B923836B3400D7F056 /* Resourcers */ = {
			isa = PBXGroup;
			children = (
				2F73E5AB23836ACE00D7F056 /* Assets.xcassets */,
				2F73E5AD23836ACE00D7F056 /* LaunchScreen.storyboard */,
			);
			path = Resourcers;
			sourceTree = "<group>";
		};
		2F73E5BA23836B9500D7F056 /* View Controllers */ = {
			isa = PBXGroup;
			children = (
				2F73E5BB23836BD200D7F056 /* Home */,
			);
			path = "View Controllers";
			sourceTree = "<group>";
		};
		2F73E5BB23836BD200D7F056 /* Home */ = {
			isa = PBXGroup;
			children = (
				2F73E5BC23836C0800D7F056 /* Views */,
				2F73E5A623836ACA00D7F056 /* HomeViewController.swift */,
				2F73E5A823836ACA00D7F056 /* Main.storyboard */,
			);
			path = Home;
			sourceTree = "<group>";
		};
		2F73E5BC23836C0800D7F056 /* Views */ = {
			isa = PBXGroup;
			children = (
				2F73E5BD238373A400D7F056 /* ExchangeRateCollectionViewCell.swift */,
			);
			path = Views;
			sourceTree = "<group>";
		};
/* End PBXGroup section */

/* Begin PBXNativeTarget section */
		2F73E59E23836ACA00D7F056 /* CurrencyConverter */ = {
			isa = PBXNativeTarget;
			buildConfigurationList = 2F73E5B323836ACE00D7F056 /* Build configuration list for PBXNativeTarget "CurrencyConverter" */;
			buildPhases = (
				2F73E59B23836ACA00D7F056 /* Sources */,
				2F73E59C23836ACA00D7F056 /* Frameworks */,
				2F73E59D23836ACA00D7F056 /* Resources */,
			);
			buildRules = (
			);
			dependencies = (
			);
			name = CurrencyConverter;
			productName = CurrencyConverter;
			productReference = 2F73E59F23836ACA00D7F056 /* CurrencyConverter.app */;
			productType = "com.apple.product-type.application";
		};
/* End PBXNativeTarget section */

/* Begin PBXProject section */
		2F73E59723836ACA00D7F056 /* Project object */ = {
			isa = PBXProject;
			attributes = {
				LastSwiftUpdateCheck = 1110;
				LastUpgradeCheck = 1110;
				ORGANIZATIONNAME = "Camilo Cabana";
				TargetAttributes = {
					2F73E59E23836ACA00D7F056 = {
						CreatedOnToolsVersion = 11.1;
					};
				};
			};
			buildConfigurationList = 2F73E59A23836ACA00D7F056 /* Build configuration list for PBXProject "CurrencyConverter" */;
			compatibilityVersion = "Xcode 9.3";
			developmentRegion = en;
			hasScannedForEncodings = 0;
			knownRegions = (
				en,
				Base,
			);
			mainGroup = 2F73E59623836ACA00D7F056;
			productRefGroup = 2F73E5A023836ACA00D7F056 /* Products */;
			projectDirPath = "";
			projectRoot = "";
			targets = (
				2F73E59E23836ACA00D7F056 /* CurrencyConverter */,
			);
		};
/* End PBXProject section */

/* Begin PBXResourcesBuildPhase section */
		2F73E59D23836ACA00D7F056 /* Resources */ = {
			isa = PBXResourcesBuildPhase;
			buildActionMask = 2147483647;
			files = (
				2F73E5AF23836ACE00D7F056 /* LaunchScreen.storyboard in Resources */,
				2F73E5AC23836ACE00D7F056 /* Assets.xcassets in Resources */,
				2F73E5AA23836ACA00D7F056 /* Main.storyboard in Resources */,
			);
			runOnlyForDeploymentPostprocessing = 0;
		};
/* End PBXResourcesBuildPhase section */

/* Begin PBXSourcesBuildPhase section */
		2F73E59B23836ACA00D7F056 /* Sources */ = {
			isa = PBXSourcesBuildPhase;
			buildActionMask = 2147483647;
			files = (
				2F73E5B823836B1000D7F056 /* Currency.swift in Sources */,
				2F73E5A723836ACA00D7F056 /* HomeViewController.swift in Sources */,
				2F73E5A323836ACA00D7F056 /* AppDelegate.swift in Sources */,
				2F73E5A523836ACA00D7F056 /* SceneDelegate.swift in Sources */,
				2F73E5BE238373A400D7F056 /* ExchangeRateCollectionViewCell.swift in Sources */,
			);
			runOnlyForDeploymentPostprocessing = 0;
		};
/* End PBXSourcesBuildPhase section */

/* Begin PBXVariantGroup section */
		2F73E5A823836ACA00D7F056 /* Main.storyboard */ = {
			isa = PBXVariantGroup;
			children = (
				2F73E5A923836ACA00D7F056 /* Base */,
			);
			name = Main.storyboard;
			sourceTree = "<group>";
		};
		2F73E5AD23836ACE00D7F056 /* LaunchScreen.storyboard */ = {
			isa = PBXVariantGroup;
			children = (
				2F73E5AE23836ACE00D7F056 /* Base */,
			);
			name = LaunchScreen.storyboard;
			sourceTree = "<group>";
		};
/* End PBXVariantGroup section */

/* Begin XCBuildConfiguration section */
		2F73E5B123836ACE00D7F056 /* Debug */ = {
			isa = XCBuildConfiguration;
			buildSettings = {
				ALWAYS_SEARCH_USER_PATHS = NO;
				CLANG_ANALYZER_NONNULL = YES;
				CLANG_ANALYZER_NUMBER_OBJECT_CONVERSION = YES_AGGRESSIVE;
				CLANG_CXX_LANGUAGE_STANDARD = "gnu++14";
				CLANG_CXX_LIBRARY = "libc++";
				CLANG_ENABLE_MODULES = YES;
				CLANG_ENABLE_OBJC_ARC = YES;
				CLANG_ENABLE_OBJC_WEAK = YES;
				CLANG_WARN_BLOCK_CAPTURE_AUTORELEASING = YES;
				CLANG_WARN_BOOL_CONVERSION = YES;
				CLANG_WARN_COMMA = YES;
				CLANG_WARN_CONSTANT_CONVERSION = YES;
				CLANG_WARN_DEPRECATED_OBJC_IMPLEMENTATIONS = YES;
				CLANG_WARN_DIRECT_OBJC_ISA_USAGE = YES_ERROR;
				CLANG_WARN_DOCUMENTATION_COMMENTS = YES;
				CLANG_WARN_EMPTY_BODY = YES;
				CLANG_WARN_ENUM_CONVERSION = YES;
				CLANG_WARN_INFINITE_RECURSION = YES;
				CLANG_WARN_INT_CONVERSION = YES;
				CLANG_WARN_NON_LITERAL_NULL_CONVERSION = YES;
				CLANG_WARN_OBJC_IMPLICIT_RETAIN_SELF = YES;
				CLANG_WARN_OBJC_LITERAL_CONVERSION = YES;
				CLANG_WARN_OBJC_ROOT_CLASS = YES_ERROR;
				CLANG_WARN_RANGE_LOOP_ANALYSIS = YES;
				CLANG_WARN_STRICT_PROTOTYPES = YES;
				CLANG_WARN_SUSPICIOUS_MOVE = YES;
				CLANG_WARN_UNGUARDED_AVAILABILITY = YES_AGGRESSIVE;
				CLANG_WARN_UNREACHABLE_CODE = YES;
				CLANG_WARN__DUPLICATE_METHOD_MATCH = YES;
				COPY_PHASE_STRIP = NO;
				DEBUG_INFORMATION_FORMAT = dwarf;
				ENABLE_STRICT_OBJC_MSGSEND = YES;
				ENABLE_TESTABILITY = YES;
				GCC_C_LANGUAGE_STANDARD = gnu11;
				GCC_DYNAMIC_NO_PIC = NO;
				GCC_NO_COMMON_BLOCKS = YES;
				GCC_OPTIMIZATION_LEVEL = 0;
				GCC_PREPROCESSOR_DEFINITIONS = (
					"DEBUG=1",
					"$(inherited)",
				);
				GCC_WARN_64_TO_32_BIT_CONVERSION = YES;
				GCC_WARN_ABOUT_RETURN_TYPE = YES_ERROR;
				GCC_WARN_UNDECLARED_SELECTOR = YES;
				GCC_WARN_UNINITIALIZED_AUTOS = YES_AGGRESSIVE;
				GCC_WARN_UNUSED_FUNCTION = YES;
				GCC_WARN_UNUSED_VARIABLE = YES;
				IPHONEOS_DEPLOYMENT_TARGET = 13.1;
				MTL_ENABLE_DEBUG_INFO = INCLUDE_SOURCE;
				MTL_FAST_MATH = YES;
				ONLY_ACTIVE_ARCH = YES;
				SDKROOT = iphoneos;
				SWIFT_ACTIVE_COMPILATION_CONDITIONS = DEBUG;
				SWIFT_OPTIMIZATION_LEVEL = "-Onone";
			};
			name = Debug;
		};
		2F73E5B223836ACE00D7F056 /* Release */ = {
			isa = XCBuildConfiguration;
			buildSettings = {
				ALWAYS_SEARCH_USER_PATHS = NO;
				CLANG_ANALYZER_NONNULL = YES;
				CLANG_ANALYZER_NUMBER_OBJECT_CONVERSION = YES_AGGRESSIVE;
				CLANG_CXX_LANGUAGE_STANDARD = "gnu++14";
				CLANG_CXX_LIBRARY = "libc++";
				CLANG_ENABLE_MODULES = YES;
				CLANG_ENABLE_OBJC_ARC = YES;
				CLANG_ENABLE_OBJC_WEAK = YES;
				CLANG_WARN_BLOCK_CAPTURE_AUTORELEASING = YES;
				CLANG_WARN_BOOL_CONVERSION = YES;
				CLANG_WARN_COMMA = YES;
				CLANG_WARN_CONSTANT_CONVERSION = YES;
				CLANG_WARN_DEPRECATED_OBJC_IMPLEMENTATIONS = YES;
				CLANG_WARN_DIRECT_OBJC_ISA_USAGE = YES_ERROR;
				CLANG_WARN_DOCUMENTATION_COMMENTS = YES;
				CLANG_WARN_EMPTY_BODY = YES;
				CLANG_WARN_ENUM_CONVERSION = YES;
				CLANG_WARN_INFINITE_RECURSION = YES;
				CLANG_WARN_INT_CONVERSION = YES;
				CLANG_WARN_NON_LITERAL_NULL_CONVERSION = YES;
				CLANG_WARN_OBJC_IMPLICIT_RETAIN_SELF = YES;
				CLANG_WARN_OBJC_LITERAL_CONVERSION = YES;
				CLANG_WARN_OBJC_ROOT_CLASS = YES_ERROR;
				CLANG_WARN_RANGE_LOOP_ANALYSIS = YES;
				CLANG_WARN_STRICT_PROTOTYPES = YES;
				CLANG_WARN_SUSPICIOUS_MOVE = YES;
				CLANG_WARN_UNGUARDED_AVAILABILITY = YES_AGGRESSIVE;
				CLANG_WARN_UNREACHABLE_CODE = YES;
				CLANG_WARN__DUPLICATE_METHOD_MATCH = YES;
				COPY_PHASE_STRIP = NO;
				DEBUG_INFORMATION_FORMAT = "dwarf-with-dsym";
				ENABLE_NS_ASSERTIONS = NO;
				ENABLE_STRICT_OBJC_MSGSEND = YES;
				GCC_C_LANGUAGE_STANDARD = gnu11;
				GCC_NO_COMMON_BLOCKS = YES;
				GCC_WARN_64_TO_32_BIT_CONVERSION = YES;
				GCC_WARN_ABOUT_RETURN_TYPE = YES_ERROR;
				GCC_WARN_UNDECLARED_SELECTOR = YES;
				GCC_WARN_UNINITIALIZED_AUTOS = YES_AGGRESSIVE;
				GCC_WARN_UNUSED_FUNCTION = YES;
				GCC_WARN_UNUSED_VARIABLE = YES;
				IPHONEOS_DEPLOYMENT_TARGET = 13.1;
				MTL_ENABLE_DEBUG_INFO = NO;
				MTL_FAST_MATH = YES;
				SDKROOT = iphoneos;
				SWIFT_COMPILATION_MODE = wholemodule;
				SWIFT_OPTIMIZATION_LEVEL = "-O";
				VALIDATE_PRODUCT = YES;
			};
			name = Release;
		};
		2F73E5B423836ACE00D7F056 /* Debug */ = {
			isa = XCBuildConfiguration;
			buildSettings = {
				ASSETCATALOG_COMPILER_APPICON_NAME = AppIcon;
				CODE_SIGN_STYLE = Automatic;
				DEVELOPMENT_TEAM = WK8JGF9VN3;
				INFOPLIST_FILE = CurrencyConverter/Info.plist;
				LD_RUNPATH_SEARCH_PATHS = (
					"$(inherited)",
					"@executable_path/Frameworks",
				);
				PRODUCT_BUNDLE_IDENTIFIER = com.camilocabana.CurrencyConverter;
				PRODUCT_NAME = "$(TARGET_NAME)";
				SWIFT_VERSION = 5.0;
				TARGETED_DEVICE_FAMILY = "1,2";
			};
			name = Debug;
		};
		2F73E5B523836ACE00D7F056 /* Release */ = {
			isa = XCBuildConfiguration;
			buildSettings = {
				ASSETCATALOG_COMPILER_APPICON_NAME = AppIcon;
				CODE_SIGN_STYLE = Automatic;
				DEVELOPMENT_TEAM = WK8JGF9VN3;
				INFOPLIST_FILE = CurrencyConverter/Info.plist;
				LD_RUNPATH_SEARCH_PATHS = (
					"$(inherited)",
					"@executable_path/Frameworks",
				);
				PRODUCT_BUNDLE_IDENTIFIER = com.camilocabana.CurrencyConverter;
				PRODUCT_NAME = "$(TARGET_NAME)";
				SWIFT_VERSION = 5.0;
				TARGETED_DEVICE_FAMILY = "1,2";
			};
			name = Release;
		};
/* End XCBuildConfiguration section */

/* Begin XCConfigurationList section */
		2F73E59A23836ACA00D7F056 /* Build configuration list for PBXProject "CurrencyConverter" */ = {
			isa = XCConfigurationList;
			buildConfigurations = (
				2F73E5B123836ACE00D7F056 /* Debug */,
				2F73E5B223836ACE00D7F056 /* Release */,
			);
			defaultConfigurationIsVisible = 0;
			defaultConfigurationName = Release;
		};
		2F73E5B323836ACE00D7F056 /* Build configuration list for PBXNativeTarget "CurrencyConverter" */ = {
			isa = XCConfigurationList;
			buildConfigurations = (
				2F73E5B423836ACE00D7F056 /* Debug */,
				2F73E5B523836ACE00D7F056 /* Release */,
			);
			defaultConfigurationIsVisible = 0;
			defaultConfigurationName = Release;
		};
/* End XCConfigurationList section */
	};
	rootObject = 2F73E59723836ACA00D7F056 /* Project object */;
}
